<?xml version="1.0" encoding="utf-8"?>
<Project ToolsVersion="4.0" xmlns="http://schemas.microsoft.com/developer/msbuild/2003">
  <ItemGroup>
    <Filter Include="Header Files">
      <UniqueIdentifier>{93995380-89BD-4b04-88EB-625FBE52EBFB}</UniqueIdentifier>
      <Extensions>h;hpp;hxx;hm;inl;inc;xsd</Extensions>
    </Filter>
    <Filter Include="Resource Files">
      <UniqueIdentifier>{67DA6AB6-F800-4c08-8B7A-83BB121AAD01}</UniqueIdentifier>
      <Extensions>rc;ico;cur;bmp;dlg;rc2;rct;bin;rgs;gif;jpg;jpeg;jpe;resx</Extensions>
    </Filter>
    <Filter Include="Source Files">
      <UniqueIdentifier>{4FC737F1-C7A5-4376-A066-2A32D752A2FF}</UniqueIdentifier>
      <Extensions>cpp;c;cc;cxx;def;odl;idl;hpj;bat;asm;asmx</Extensions>
    </Filter>
  </ItemGroup>
  <ItemGroup>
    <ClInclude Include="model\cells\AbstractCell.hpp">
      <Filter>Header Files</Filter>
    </ClInclude>
    <ClInclude Include="model\AbstractModel.hpp">
      <Filter>Header Files</Filter>
    </ClInclude>
    <ClInclude Include="model\AbstractSolver.hpp">
      <Filter>Header Files</Filter>
    </ClInclude>
    <ClInclude Include="tests\base-test.h">
      <Filter>Header Files</Filter>
    </ClInclude>
    <ClInclude Include="model\cells\CylCell2D.h">
      <Filter>Header Files</Filter>
    </ClInclude>
    <ClInclude Include="model\cells\CylCell3D.h">
      <Filter>Header Files</Filter>
    </ClInclude>
    <ClInclude Include="tests\gas1D-test.h">
      <Filter>Header Files</Filter>
    </ClInclude>
    <ClInclude Include="model\Gas1D\Gas1D.h">
      <Filter>Header Files</Filter>
    </ClInclude>
    <ClInclude Include="model\Gas1D\Gas1D_simple.h">
      <Filter>Header Files</Filter>
    </ClInclude>
    <ClInclude Include="tests\gas1Dsimple-test.h">
      <Filter>Header Files</Filter>
    </ClInclude>
    <ClInclude Include="model\Gas1D\Gas1DSolver.h">
      <Filter>Header Files</Filter>
    </ClInclude>
    <ClInclude Include="model\gasoil_rz_nit\GasOil2DNITSolver.h">
      <Filter>Header Files</Filter>
    </ClInclude>
    <ClInclude Include="model\GasOil_RZ\GasOil2DSolver.h">
      <Filter>Header Files</Filter>
    </ClInclude>
    <ClInclude Include="model\3D\GasOil_3D_NIT\GasOil3DNITSolver.h">
      <Filter>Header Files</Filter>
    </ClInclude>
    <ClInclude Include="model\3D\GasOil_3D\GasOil3DSolver.h">
      <Filter>Header Files</Filter>
    </ClInclude>
    <ClInclude Include="model\3D\GasOil_3D\GasOil_3D.h">
      <Filter>Header Files</Filter>
    </ClInclude>
    <ClInclude Include="model\3D\GasOil_3D_NIT\GasOil_3D_NIT.h">
      <Filter>Header Files</Filter>
    </ClInclude>
    <ClInclude Include="model\GasOil_RZ\GasOil_RZ.h">
      <Filter>Header Files</Filter>
    </ClInclude>
    <ClInclude Include="model\gasoil_rz_nit\GasOil_RZ_NIT.h">
      <Filter>Header Files</Filter>
    </ClInclude>
    <ClInclude Include="snapshotter\GRDECLSnapshotter.h">
      <Filter>Header Files</Filter>
    </ClInclude>
    <ClInclude Include="util\Interpolate.h">
      <Filter>Header Files</Filter>
    </ClInclude>
    <ClInclude Include="method\mcmath.h">
      <Filter>Header Files</Filter>
    </ClInclude>
    <ClInclude Include="tests\oil1D-test.h">
      <Filter>Header Files</Filter>
    </ClInclude>
    <ClInclude Include="model\oil1d\Oil1D.h">
      <Filter>Header Files</Filter>
    </ClInclude>
    <ClInclude Include="model\Oil1D_NIT\Oil1D_NIT.h">
      <Filter>Header Files</Filter>
    </ClInclude>
    <ClInclude Include="model\Oil1D_NIT\Oil1DNITSolver.h">
      <Filter>Header Files</Filter>
    </ClInclude>
    <ClInclude Include="model\Oil1D\Oil1DSolver.h">
      <Filter>Header Files</Filter>
    </ClInclude>
    <ClInclude Include="model\Oil_RZ\Oil_RZ.h">
      <Filter>Header Files</Filter>
    </ClInclude>
    <ClInclude Include="model\Oil_RZ\OilRZSolver.h">
      <Filter>Header Files</Filter>
    </ClInclude>
    <ClInclude Include="method\pointers.h">
      <Filter>Header Files</Filter>
    </ClInclude>
    <ClInclude Include="model\cells\RadialCell.hpp">
      <Filter>Header Files</Filter>
    </ClInclude>
    <ClInclude Include="props\Scene.h">
      <Filter>Header Files</Filter>
    </ClInclude>
    <ClInclude Include="Scene.h">
      <Filter>Header Files</Filter>
    </ClInclude>
    <ClInclude Include="Scene_OMP.h">
      <Filter>Header Files</Filter>
    </ClInclude>
    <ClInclude Include="snapshotter\Snapshotter.h">
      <Filter>Header Files</Filter>
    </ClInclude>
    <ClInclude Include="method\sweep.h">
      <Filter>Header Files</Filter>
    </ClInclude>
    <ClInclude Include="util\utils.h">
      <Filter>Header Files</Filter>
    </ClInclude>
    <ClInclude Include="model\cells\Variables.hpp">
      <Filter>Header Files</Filter>
    </ClInclude>
    <ClInclude Include="snapshotter\VTKSnapshotter.h">
      <Filter>Header Files</Filter>
    </ClInclude>
    <ClInclude Include="method\ParalutionInterface.h">
      <Filter>Header Files</Filter>
    </ClInclude>
    <ClInclude Include="model\3D\GasOil_3D\Par3DSolver.h">
      <Filter>Header Files</Filter>
    </ClInclude>
  </ItemGroup>
  <ItemGroup>
    <ClCompile Include="model\cells\AbstractCell.cpp">
      <Filter>Source Files</Filter>
    </ClCompile>
    <ClCompile Include="model\AbstractModel.cpp">
      <Filter>Source Files</Filter>
    </ClCompile>
    <ClCompile Include="model\AbstractSolver.cpp">
      <Filter>Source Files</Filter>
    </ClCompile>
    <ClCompile Include="tests\base-test.cpp">
      <Filter>Source Files</Filter>
    </ClCompile>
    <ClCompile Include="model\cells\CylCell2D.cpp">
      <Filter>Source Files</Filter>
    </ClCompile>
    <ClCompile Include="model\cells\CylCell3D.cpp">
      <Filter>Source Files</Filter>
    </ClCompile>
    <ClCompile Include="tests\gas1D-test.cpp">
      <Filter>Source Files</Filter>
    </ClCompile>
    <ClCompile Include="model\Gas1D\Gas1D.cpp">
      <Filter>Source Files</Filter>
    </ClCompile>
    <ClCompile Include="model\Gas1D\Gas1D_simple.cpp">
      <Filter>Source Files</Filter>
    </ClCompile>
    <ClCompile Include="tests\gas1Dsimple-test.cpp">
      <Filter>Source Files</Filter>
    </ClCompile>
    <ClCompile Include="model\Gas1D\Gas1DSolver.cpp">
      <Filter>Source Files</Filter>
    </ClCompile>
    <ClCompile Include="model\gasoil_rz_nit\GasOil2DNITSolver.cpp">
      <Filter>Source Files</Filter>
    </ClCompile>
    <ClCompile Include="model\GasOil_RZ\GasOil2DSolver.cpp">
      <Filter>Source Files</Filter>
    </ClCompile>
    <ClCompile Include="model\3D\GasOil_3D_NIT\GasOil3DNITSolver.cpp">
      <Filter>Source Files</Filter>
    </ClCompile>
    <ClCompile Include="model\3D\GasOil_3D\GasOil3DSolver.cpp">
      <Filter>Source Files</Filter>
    </ClCompile>
    <ClCompile Include="model\3D\GasOil_3D\GasOil_3D.cpp">
      <Filter>Source Files</Filter>
    </ClCompile>
    <ClCompile Include="model\3D\GasOil_3D_NIT\GasOil_3D_NIT.cpp">
      <Filter>Source Files</Filter>
    </ClCompile>
    <ClCompile Include="model\GasOil_RZ\GasOil_RZ.cpp">
      <Filter>Source Files</Filter>
    </ClCompile>
    <ClCompile Include="model\gasoil_rz_nit\GasOil_RZ_NIT.cpp">
      <Filter>Source Files</Filter>
    </ClCompile>
    <ClCompile Include="snapshotter\GRDECLSnapshotter.cpp">
      <Filter>Source Files</Filter>
    </ClCompile>
    <ClCompile Include="util\Interpolate.cpp">
      <Filter>Source Files</Filter>
    </ClCompile>
    <ClCompile Include="main.cpp">
      <Filter>Source Files</Filter>
    </ClCompile>
    <ClCompile Include="method\mcmath.cpp">
      <Filter>Source Files</Filter>
    </ClCompile>
    <ClCompile Include="tests\oil1D-test.cpp">
      <Filter>Source Files</Filter>
    </ClCompile>
    <ClCompile Include="model\Oil1D\Oil1D.cpp">
      <Filter>Source Files</Filter>
    </ClCompile>
    <ClCompile Include="model\Oil1D_NIT\Oil1D_NIT.cpp">
      <Filter>Source Files</Filter>
    </ClCompile>
    <ClCompile Include="model\Oil1D_NIT\Oil1DNITSolver.cpp">
      <Filter>Source Files</Filter>
    </ClCompile>
    <ClCompile Include="model\Oil1D\Oil1DSolver.cpp">
      <Filter>Source Files</Filter>
    </ClCompile>
    <ClCompile Include="model\Oil_RZ\Oil_RZ.cpp">
      <Filter>Source Files</Filter>
    </ClCompile>
    <ClCompile Include="model\Oil_RZ\OilRZSolver.cpp">
      <Filter>Source Files</Filter>
    </ClCompile>
    <ClCompile Include="model\cells\RadialCell.cpp">
      <Filter>Source Files</Filter>
    </ClCompile>
    <ClCompile Include="Scene.cpp">
      <Filter>Source Files</Filter>
    </ClCompile>
    <ClCompile Include="snapshotter\Snapshotter.cpp">
      <Filter>Source Files</Filter>
    </ClCompile>
    <ClCompile Include="method\sweep.cpp">
      <Filter>Source Files</Filter>
    </ClCompile>
    <ClCompile Include="tests\tester.cpp">
      <Filter>Source Files</Filter>
    </ClCompile>
    <ClCompile Include="snapshotter\VTKSnapshotter.cpp">
      <Filter>Source Files</Filter>
    </ClCompile>
    <ClCompile Include="method\ParalutionInterface.cpp">
      <Filter>Resource Files</Filter>
    </ClCompile>
    <ClCompile Include="model\3D\GasOil_3D\Par3DSolver.cpp">
      <Filter>Source Files</Filter>
    </ClCompile>
  </ItemGroup>
  <ItemGroup>
    <None Include="debug\BuildLog.htm" />
  </ItemGroup>
</Project>