<?xml version="1.0" encoding="utf-8"?>
<Project ToolsVersion="4.0" xmlns="http://schemas.microsoft.com/developer/msbuild/2003">
  <ItemGroup>
    <Filter Include="Header Files">
      <UniqueIdentifier>{93995380-89BD-4b04-88EB-625FBE52EBFB}</UniqueIdentifier>
      <Extensions>h;hpp;hxx;hm;inl;inc;xsd</Extensions>
    </Filter>
    <Filter Include="Resource Files">
      <UniqueIdentifier>{67DA6AB6-F800-4c08-8B7A-83BB121AAD01}</UniqueIdentifier>
      <Extensions>rc;ico;cur;bmp;dlg;rc2;rct;bin;rgs;gif;jpg;jpeg;jpe;resx</Extensions>
    </Filter>
    <Filter Include="Source Files">
      <UniqueIdentifier>{4FC737F1-C7A5-4376-A066-2A32D752A2FF}</UniqueIdentifier>
      <Extensions>cpp;c;cc;cxx;def;odl;idl;hpj;bat;asm;asmx</Extensions>
    </Filter>
  </ItemGroup>
  <ItemGroup>
    <ClInclude Include="model\cells\AbstractCell.hpp">
      <Filter>Header Files</Filter>
    </ClInclude>
    <ClInclude Include="model\AbstractModel.hpp">
      <Filter>Header Files</Filter>
    </ClInclude>
    <ClInclude Include="model\AbstractSolver.hpp">
      <Filter>Header Files</Filter>
    </ClInclude>
    <ClInclude Include="model\cells\CylCell2D.h">
      <Filter>Header Files</Filter>
    </ClInclude>
    <ClInclude Include="model\cells\CylCell3D.h">
      <Filter>Header Files</Filter>
    </ClInclude>
    <ClInclude Include="model\GasOil_RZ\GasOil2DSolver.h">
      <Filter>Header Files</Filter>
    </ClInclude>
    <ClInclude Include="snapshotter\GRDECLSnapshotter.h">
      <Filter>Header Files</Filter>
    </ClInclude>
    <ClInclude Include="util\Interpolate.h">
      <Filter>Header Files</Filter>
    </ClInclude>
    <ClInclude Include="method\mcmath.h">
      <Filter>Header Files</Filter>
    </ClInclude>
    <ClInclude Include="method\pointers.h">
      <Filter>Header Files</Filter>
    </ClInclude>
    <ClInclude Include="model\cells\RadialCell.hpp">
      <Filter>Header Files</Filter>
    </ClInclude>
    <ClInclude Include="Scene.h">
      <Filter>Header Files</Filter>
    </ClInclude>
    <ClInclude Include="snapshotter\Snapshotter.h">
      <Filter>Header Files</Filter>
    </ClInclude>
    <ClInclude Include="method\sweep.h">
      <Filter>Header Files</Filter>
    </ClInclude>
    <ClInclude Include="util\utils.h">
      <Filter>Header Files</Filter>
    </ClInclude>
    <ClInclude Include="model\cells\Variables.hpp">
      <Filter>Header Files</Filter>
    </ClInclude>
    <ClInclude Include="snapshotter\VTKSnapshotter.h">
      <Filter>Header Files</Filter>
    </ClInclude>
    <ClInclude Include="method\ParalutionInterface.h">
      <Filter>Header Files</Filter>
    </ClInclude>
    <ClInclude Include="model\cells\Iterators.h">
      <Filter>Header Files</Filter>
    </ClInclude>
    <ClInclude Include="model\cells\CylCellPerf.h">
      <Filter>Header Files</Filter>
    </ClInclude>
    <ClInclude Include="model\Acid\2d\Acid2d.hpp">
      <Filter>Header Files</Filter>
    </ClInclude>
    <ClInclude Include="model\VPP2d\VPP2d.hpp">
      <Filter>Header Files</Filter>
    </ClInclude>
    <ClInclude Include="model\GasOil_RZ\Properties.hpp">
      <Filter>Header Files</Filter>
    </ClInclude>
    <ClInclude Include="model\GasOil_RZ\GasOil_RZ.h">
      <Filter>Header Files</Filter>
    </ClInclude>
    <ClInclude Include="model\VPP2d\VPPSolver.hpp">
      <Filter>Header Files</Filter>
    </ClInclude>
    <ClInclude Include="model\VPP2d\Properties.hpp">
      <Filter>Header Files</Filter>
    </ClInclude>
    <ClInclude Include="model\Bingham1d\Bingham1d.hpp">
      <Filter>Header Files</Filter>
    </ClInclude>
    <ClInclude Include="model\Bingham1d\BingSolver.hpp">
      <Filter>Header Files</Filter>
    </ClInclude>
    <ClInclude Include="model\cells\EllipticCell.hpp">
      <Filter>Header Files</Filter>
    </ClInclude>
    <ClInclude Include="model\GasOil_Elliptic\Properties.hpp">
      <Filter>Header Files</Filter>
    </ClInclude>
    <ClInclude Include="model\GasOil_Elliptic\GasOil_Elliptic.hpp">
      <Filter>Header Files</Filter>
    </ClInclude>
    <ClInclude Include="model\GasOil_Elliptic\GasOilEllipticSolver.hpp">
      <Filter>Header Files</Filter>
    </ClInclude>
    <ClInclude Include="model\Basic2d\Basic2d.hpp">
      <Filter>Header Files</Filter>
    </ClInclude>
    <ClInclude Include="model\Basic2d\Properties.hpp">
      <Filter>Header Files</Filter>
    </ClInclude>
    <ClInclude Include="model\Acid\2d\Properties.hpp">
      <Filter>Header Files</Filter>
    </ClInclude>
    <ClInclude Include="model\Acid\2d\Reactions.hpp">
      <Filter>Header Files</Filter>
    </ClInclude>
    <ClInclude Include="model\GasOilNIT_Elliptic\GasOilNIT_Elliptic.hpp">
      <Filter>Header Files</Filter>
    </ClInclude>
    <ClInclude Include="model\GasOilNIT_Elliptic\GasOilNITEllipticSolver.hpp">
      <Filter>Header Files</Filter>
    </ClInclude>
    <ClInclude Include="model\GasOilNIT_Elliptic\Properties.hpp">
      <Filter>Header Files</Filter>
    </ClInclude>
    <ClInclude Include="model\OilNIT_Elliptic\OilNIT_Elliptic.hpp">
      <Filter>Header Files</Filter>
    </ClInclude>
    <ClInclude Include="model\OilNIT_Elliptic\OilNITEllipticSolver.hpp">
      <Filter>Header Files</Filter>
    </ClInclude>
    <ClInclude Include="model\BlackOil_RZ\BlackOil_RZ.hpp">
      <Filter>Header Files</Filter>
    </ClInclude>
    <ClInclude Include="model\BlackOil_RZ\Properties.hpp">
      <Filter>Header Files</Filter>
    </ClInclude>
  </ItemGroup>
  <ItemGroup>
    <ClCompile Include="model\AbstractSolver.cpp">
      <Filter>Source Files</Filter>
    </ClCompile>
    <ClCompile Include="model\GasOil_RZ\GasOil2DSolver.cpp">
      <Filter>Source Files</Filter>
    </ClCompile>
    <ClCompile Include="model\GasOil_RZ\GasOil_RZ.cpp">
      <Filter>Source Files</Filter>
    </ClCompile>
    <ClCompile Include="util\Interpolate.cpp">
      <Filter>Source Files</Filter>
    </ClCompile>
    <ClCompile Include="main.cpp">
      <Filter>Source Files</Filter>
    </ClCompile>
    <ClCompile Include="method\mcmath.cpp">
      <Filter>Source Files</Filter>
    </ClCompile>
    <ClCompile Include="snapshotter\Snapshotter.cpp">
      <Filter>Source Files</Filter>
    </ClCompile>
    <ClCompile Include="method\sweep.cpp">
      <Filter>Source Files</Filter>
    </ClCompile>
    <ClCompile Include="snapshotter\VTKSnapshotter.cpp">
      <Filter>Source Files</Filter>
    </ClCompile>
    <ClCompile Include="method\ParalutionInterface.cpp">
      <Filter>Source Files</Filter>
    </ClCompile>
    <ClCompile Include="model\cells\CylCellPerf.cpp">
      <Filter>Source Files</Filter>
    </ClCompile>
    <ClCompile Include="model\Acid\2d\Acid2d.cpp">
      <Filter>Source Files</Filter>
    </ClCompile>
    <ClCompile Include="model\VPP2d\VPP2d.cpp">
      <Filter>Source Files</Filter>
    </ClCompile>
    <ClCompile Include="model\VPP2d\VPPSolver.cpp">
      <Filter>Source Files</Filter>
    </ClCompile>
    <ClCompile Include="model\Bingham1d\Bingham1d.cpp">
      <Filter>Source Files</Filter>
    </ClCompile>
    <ClCompile Include="model\Bingham1d\BingSolver.cpp">
      <Filter>Source Files</Filter>
    </ClCompile>
    <ClCompile Include="model\GasOil_Elliptic\GasOil_Elliptic.cpp">
      <Filter>Source Files</Filter>
    </ClCompile>
    <ClCompile Include="model\GasOil_Elliptic\GasOilEllipticSolver.cpp">
      <Filter>Source Files</Filter>
    </ClCompile>
    <ClCompile Include="Scene.cpp">
      <Filter>Source Files</Filter>
    </ClCompile>
    <ClCompile Include="model\GasOilNIT_Elliptic\GasOilNIT_Elliptic.cpp">
      <Filter>Source Files</Filter>
    </ClCompile>
    <ClCompile Include="model\GasOilNIT_Elliptic\GasOilNITEllipticSolver.cpp">
      <Filter>Source Files</Filter>
    </ClCompile>
    <ClCompile Include="model\OilNIT_Elliptic\OilNIT_Elliptic.cpp">
      <Filter>Source Files</Filter>
    </ClCompile>
    <ClCompile Include="model\OilNIT_Elliptic\OilNITEllipticSolver.cpp">
      <Filter>Source Files</Filter>
    </ClCompile>
    <ClCompile Include="model\BlackOil_RZ\BlackOil_RZ.cpp">
      <Filter>Source Files</Filter>
    </ClCompile>
  </ItemGroup>
  <ItemGroup>
    <None Include="debug\BuildLog.htm" />
  </ItemGroup>
</Project>