<?xml version="1.0" encoding="utf-8"?>
<Project ToolsVersion="4.0" xmlns="http://schemas.microsoft.com/developer/msbuild/2003">
  <ItemGroup>
    <Filter Include="Header Files">
      <UniqueIdentifier>{93995380-89BD-4b04-88EB-625FBE52EBFB}</UniqueIdentifier>
      <Extensions>h;hpp;hxx;hm;inl;inc;xsd</Extensions>
    </Filter>
    <Filter Include="Resource Files">
      <UniqueIdentifier>{67DA6AB6-F800-4c08-8B7A-83BB121AAD01}</UniqueIdentifier>
      <Extensions>rc;ico;cur;bmp;dlg;rc2;rct;bin;rgs;gif;jpg;jpeg;jpe;resx</Extensions>
    </Filter>
    <Filter Include="Source Files">
      <UniqueIdentifier>{4FC737F1-C7A5-4376-A066-2A32D752A2FF}</UniqueIdentifier>
      <Extensions>cpp;c;cc;cxx;def;odl;idl;hpj;bat;asm;asmx</Extensions>
    </Filter>
  </ItemGroup>
  <ItemGroup>
    <ClInclude Include="snapshotter\GRDECLSnapshotter.h">
      <Filter>Header Files</Filter>
    </ClInclude>
    <ClInclude Include="util\Interpolate.h">
      <Filter>Header Files</Filter>
    </ClInclude>
    <ClInclude Include="solver\mcmath.h">
      <Filter>Header Files</Filter>
    </ClInclude>
    <ClInclude Include="solver\pointers.h">
      <Filter>Header Files</Filter>
    </ClInclude>
    <ClInclude Include="Scene.h">
      <Filter>Header Files</Filter>
    </ClInclude>
    <ClInclude Include="snapshotter\Snapshotter.h">
      <Filter>Header Files</Filter>
    </ClInclude>
    <ClInclude Include="solver\sweep.h">
      <Filter>Header Files</Filter>
    </ClInclude>
    <ClInclude Include="util\utils.h">
      <Filter>Header Files</Filter>
    </ClInclude>
    <ClInclude Include="snapshotter\VTKSnapshotter.h">
      <Filter>Header Files</Filter>
    </ClInclude>
    <ClInclude Include="model\cells\AbstractCell.hpp">
      <Filter>Header Files</Filter>
    </ClInclude>
    <ClInclude Include="model\cells\RadialCell.hpp">
      <Filter>Header Files</Filter>
    </ClInclude>
    <ClInclude Include="model\cells\Variables.hpp">
      <Filter>Header Files</Filter>
    </ClInclude>
    <ClInclude Include="model\cells\CylindricalCell.h">
      <Filter>Header Files</Filter>
    </ClInclude>
    <ClInclude Include="model\AbstractModel.hpp">
      <Filter>Header Files</Filter>
    </ClInclude>
    <ClInclude Include="model\GasOil_RZ_NIT\GasOil_RZ_NIT.h">
      <Filter>Header Files</Filter>
    </ClInclude>
    <ClInclude Include="model\AbstractMethod.hpp">
      <Filter>Header Files</Filter>
    </ClInclude>
    <ClInclude Include="model\GasOil_RZ_NIT\GasOil2DNITSolver.h">
      <Filter>Header Files</Filter>
    </ClInclude>
    <ClInclude Include="model\Oil1D\Oil1D.h">
      <Filter>Header Files</Filter>
    </ClInclude>
  </ItemGroup>
  <ItemGroup>
    <ClCompile Include="snapshotter\GRDECLSnapshotter.cpp">
      <Filter>Source Files</Filter>
    </ClCompile>
    <ClCompile Include="util\Interpolate.cpp">
      <Filter>Source Files</Filter>
    </ClCompile>
    <ClCompile Include="main.cpp">
      <Filter>Source Files</Filter>
    </ClCompile>
    <ClCompile Include="solver\mcmath.cpp">
      <Filter>Source Files</Filter>
    </ClCompile>
    <ClCompile Include="Scene.cpp">
      <Filter>Source Files</Filter>
    </ClCompile>
    <ClCompile Include="snapshotter\Snapshotter.cpp">
      <Filter>Source Files</Filter>
    </ClCompile>
    <ClCompile Include="solver\sweep.cpp">
      <Filter>Source Files</Filter>
    </ClCompile>
    <ClCompile Include="snapshotter\VTKSnapshotter.cpp">
      <Filter>Source Files</Filter>
    </ClCompile>
    <ClCompile Include="model\cells\CylindricalCell.cpp">
      <Filter>Source Files</Filter>
    </ClCompile>
    <ClCompile Include="model\AbstractModel.cpp">
      <Filter>Source Files</Filter>
    </ClCompile>
    <ClCompile Include="model\GasOil_RZ_NIT\GasOil_RZ_NIT.cpp">
      <Filter>Source Files</Filter>
    </ClCompile>
    <ClCompile Include="model\AbstractMethod.cpp">
      <Filter>Source Files</Filter>
    </ClCompile>
    <ClCompile Include="model\GasOil_RZ_NIT\GasOil2DNITSolver.cpp">
      <Filter>Source Files</Filter>
    </ClCompile>
    <ClCompile Include="model\cells\AbstractCell.cpp">
      <Filter>Source Files</Filter>
    </ClCompile>
  </ItemGroup>
</Project>